PODS:
  - BiSON (1.2.0)
  - SmartDeviceLink (6.6.0):
    - BiSON (~> 1.2.0)
    - SmartDeviceLink/Default (= 6.6.0)
  - SmartDeviceLink/Default (6.6.0):
    - BiSON (~> 1.2.0)

DEPENDENCIES:
  - SmartDeviceLink (from `https://github.com/smartdevicelink/sdl_ios`, branch `develop`)

SPEC REPOS:
  trunk:
    - BiSON

EXTERNAL SOURCES:
  SmartDeviceLink:
    :branch: develop
    :git: https://github.com/smartdevicelink/sdl_ios

CHECKOUT OPTIONS:
  SmartDeviceLink:
    :commit: ef12e261638cfda8852303e3570a3905d29cef3e
    :git: https://github.com/smartdevicelink/sdl_ios

SPEC CHECKSUMS:
  BiSON: 1165a5486ee9755400b096cf374e1f03cb73a980
  SmartDeviceLink: f6a73f4d827025ff4cc3e66ad21d7c579e9bbf2f

PODFILE CHECKSUM: 4f3e89ba0d0cb0c0265d1e20c32301a0864ecb58

COCOAPODS: 1.9.0
